Microsoft Visual Studio Solution File, Format Version 12.00
# Visual Studio 2012
Project("{FAE04EC0-301F-11D3-BF4B-00C04F79EFBC}") = "Returninator", "Returninator.csproj", "{F6BB7E5A-9FAF-47DC-A4C6-579CF85A1E2B}"
EndProject
Global
	GlobalSection(SolutionConfigurationPlatforms) = preSolution
	Debug|Any CPU = Debug|Any CPU
	Release|Any CPU = Release|Any CPU
	Tools|Any CPU = Tools|Any CPU
	EndGlobalSection
	GlobalSection(ProjectConfigurationPlatforms) = postSolution
		{F6BB7E5A-9FAF-47DC-A4C6-579CF85A1E2B}.Debug|Any CPU.ActiveCfg = Debug|Any CPU
		{F6BB7E5A-9FAF-47DC-A4C6-579CF85A1E2B}.Debug|Any CPU.Build.0 = Debug|Any CPU
		{F6BB7E5A-9FAF-47DC-A4C6-579CF85A1E2B}.Release|Any CPU.ActiveCfg = Release|Any CPU
		{F6BB7E5A-9FAF-47DC-A4C6-579CF85A1E2B}.Release|Any CPU.Build.0 = Release|Any CPU
		{F6BB7E5A-9FAF-47DC-A4C6-579CF85A1E2B}.Tools|Any CPU.ActiveCfg = Tools|Any CPU
		{F6BB7E5A-9FAF-47DC-A4C6-579CF85A1E2B}.Tools|Any CPU.Build.0 = Tools|Any CPU
	EndGlobalSection
EndGlobal
